<?xml version="1.0" encoding="utf-8"?>
<Project ToolsVersion="4.0" xmlns="http://schemas.microsoft.com/developer/msbuild/2003">
  <ItemGroup>
    <Filter Include="リソース ファイル">
      <UniqueIdentifier>{67DA6AB6-F800-4c08-8B7A-83BB121AAD01}</UniqueIdentifier>
      <Extensions>rc;ico;cur;bmp;dlg;rc2;rct;bin;rgs;gif;jpg;jpeg;jpe;resx;tiff;tif;png;wav;mfcribbon-ms</Extensions>
    </Filter>
    <Filter Include="01Engine">
      <UniqueIdentifier>{e5fccdcb-f299-4448-bdb6-01fa28039576}</UniqueIdentifier>
    </Filter>
    <Filter Include="01Engine\Collider">
      <UniqueIdentifier>{7f19ecfb-5d70-4d31-a1f7-c9dd14bad324}</UniqueIdentifier>
    </Filter>
    <Filter Include="01Engine\DirectX">
      <UniqueIdentifier>{e56f8c9a-95a5-4ceb-b65f-5b8e572d087b}</UniqueIdentifier>
    </Filter>
    <Filter Include="01Engine\GameObject">
      <UniqueIdentifier>{b450e438-c939-4b05-b319-0e3c0b4a335c}</UniqueIdentifier>
    </Filter>
    <Filter Include="01Engine\ResourceManager">
      <UniqueIdentifier>{bedee914-5063-4c08-95bb-79c861b4969c}</UniqueIdentifier>
    </Filter>
    <Filter Include="02Shader">
      <UniqueIdentifier>{47a6a3f5-8cfd-436b-8d58-beccd108f3f3}</UniqueIdentifier>
      <Extensions>hlsl</Extensions>
    </Filter>
    <Filter Include="03Scene">
      <UniqueIdentifier>{3c140e0d-d296-431c-a2e9-c6b1e3fae785}</UniqueIdentifier>
    </Filter>
    <Filter Include="04UI">
      <UniqueIdentifier>{8b8e6f8e-5c92-4eb7-8beb-f190033fe076}</UniqueIdentifier>
    </Filter>
    <Filter Include="04UI\Base">
      <UniqueIdentifier>{d7ded092-3bdb-499f-b158-284045e8ad77}</UniqueIdentifier>
    </Filter>
    <Filter Include="07Player">
      <UniqueIdentifier>{e04af741-50b7-426b-8ed5-0d84c1ba486c}</UniqueIdentifier>
    </Filter>
    <Filter Include="08Enemy">
      <UniqueIdentifier>{41ef1b12-3dc4-44d5-8224-49a169e131f1}</UniqueIdentifier>
    </Filter>
    <Filter Include="08Enemy\EnemyBase">
      <UniqueIdentifier>{45e1984c-0a58-4c08-9b28-222eb7b2751e}</UniqueIdentifier>
    </Filter>
    <Filter Include="08Enemy\Enemies">
      <UniqueIdentifier>{bba5f4f1-692c-4c4d-8c84-026ee8023168}</UniqueIdentifier>
    </Filter>
    <Filter Include="09Weapon">
      <UniqueIdentifier>{aa00871e-525a-4d86-8143-3ca9980ffc6c}</UniqueIdentifier>
    </Filter>
    <Filter Include="09Weapon\Bullet">
      <UniqueIdentifier>{6dd57487-9671-4a91-b667-b5c85bbb2e66}</UniqueIdentifier>
    </Filter>
    <Filter Include="09Weapon\Weapon">
      <UniqueIdentifier>{4c9605a3-36b8-48d2-915e-a1299ca77da3}</UniqueIdentifier>
    </Filter>
    <Filter Include="09Weapon\Base">
      <UniqueIdentifier>{c3450bad-3506-4e41-8646-7fe925f04220}</UniqueIdentifier>
    </Filter>
    <Filter Include="09Weapon\Object">
      <UniqueIdentifier>{fb6cf40c-66b7-491c-8a2a-d9febfdecc2e}</UniqueIdentifier>
    </Filter>
    <Filter Include="06State">
      <UniqueIdentifier>{8a662b94-36ef-44f4-8b8b-6139c1732c11}</UniqueIdentifier>
    </Filter>
    <Filter Include="06State\Base">
      <UniqueIdentifier>{bab4fd1d-232e-4963-bec1-cc685a8bc568}</UniqueIdentifier>
    </Filter>
    <Filter Include="05BehaviorTree">
      <UniqueIdentifier>{8b35f917-7762-4bfa-a56f-85218def731f}</UniqueIdentifier>
    </Filter>
    <Filter Include="05BehaviorTree\01Base">
      <UniqueIdentifier>{47a31af1-8999-4e87-be2a-9c790f8040b0}</UniqueIdentifier>
    </Filter>
    <Filter Include="05BehaviorTree\02ActionNode">
      <UniqueIdentifier>{7aa981cb-241b-4e71-a014-851dc0e64640}</UniqueIdentifier>
    </Filter>
    <Filter Include="05BehaviorTree\03ConditionNode">
      <UniqueIdentifier>{40fd9fcb-a992-4e8e-aa78-093baa870b2e}</UniqueIdentifier>
    </Filter>
    <Filter Include="10Action">
      <UniqueIdentifier>{d2fbf88a-f8e5-4a0d-96bc-8443ea48cc0e}</UniqueIdentifier>
    </Filter>
    <Filter Include="10Action\Base">
      <UniqueIdentifier>{4d1447ee-e60c-42b8-8149-ac36e8e9155e}</UniqueIdentifier>
    </Filter>
    <Filter Include="10Action\Actions">
      <UniqueIdentifier>{57f338e4-fc08-46dd-9016-2e884d279241}</UniqueIdentifier>
    </Filter>
    <Filter Include="06State\Enemy">
      <UniqueIdentifier>{39a37125-5190-4e89-ae15-671ab9bb9fb6}</UniqueIdentifier>
    </Filter>
    <Filter Include="06State\Player">
      <UniqueIdentifier>{a3b99297-e4e2-4533-b267-eae497f6f730}</UniqueIdentifier>
    </Filter>
    <Filter Include="05BehaviorTree\Feet">
      <UniqueIdentifier>{34df25bd-a856-4404-8bc6-f2f625611e02}</UniqueIdentifier>
    </Filter>
  </ItemGroup>
  <ItemGroup>
    <ClCompile Include="Engine\BoxCollider.cpp">
      <Filter>01Engine\Collider</Filter>
    </ClCompile>
    <ClCompile Include="Engine\Collider.cpp">
      <Filter>01Engine\Collider</Filter>
    </ClCompile>
    <ClCompile Include="Engine\SphereCollider.cpp">
      <Filter>01Engine\Collider</Filter>
    </ClCompile>
    <ClCompile Include="Engine\Direct3D.cpp">
      <Filter>01Engine\DirectX</Filter>
    </ClCompile>
    <ClCompile Include="Engine\Fbx.cpp">
      <Filter>01Engine\DirectX</Filter>
    </ClCompile>
    <ClCompile Include="Engine\FbxParts.cpp">
      <Filter>01Engine\DirectX</Filter>
    </ClCompile>
    <ClCompile Include="Engine\Input.cpp">
      <Filter>01Engine\DirectX</Filter>
    </ClCompile>
    <ClCompile Include="Engine\Sprite.cpp">
      <Filter>01Engine\DirectX</Filter>
    </ClCompile>
    <ClCompile Include="Engine\Camera.cpp">
      <Filter>01Engine\GameObject</Filter>
    </ClCompile>
    <ClCompile Include="Engine\GameObject.cpp">
      <Filter>01Engine\GameObject</Filter>
    </ClCompile>
    <ClCompile Include="Engine\RootObject.cpp">
      <Filter>01Engine\GameObject</Filter>
    </ClCompile>
    <ClCompile Include="Engine\CsvReader.cpp">
      <Filter>01Engine\ResourceManager</Filter>
    </ClCompile>
    <ClCompile Include="Engine\Image.cpp">
      <Filter>01Engine\ResourceManager</Filter>
    </ClCompile>
    <ClCompile Include="Engine\Model.cpp">
      <Filter>01Engine\ResourceManager</Filter>
    </ClCompile>
    <ClCompile Include="Engine\Main.cpp">
      <Filter>01Engine</Filter>
    </ClCompile>
    <ClCompile Include="Engine\SceneManager.cpp">
      <Filter>01Engine</Filter>
    </ClCompile>
    <ClCompile Include="Engine\Texture.cpp">
      <Filter>01Engine\DirectX</Filter>
    </ClCompile>
    <ClCompile Include="Engine\Transform.cpp">
      <Filter>01Engine\GameObject</Filter>
    </ClCompile>
    <ClCompile Include="Engine\Audio.cpp">
      <Filter>01Engine\ResourceManager</Filter>
    </ClCompile>
    <ClCompile Include="Engine\Text.cpp">
      <Filter>01Engine\ResourceManager</Filter>
    </ClCompile>
    <ClCompile Include="Engine\Debug.cpp">
      <Filter>01Engine\ResourceManager</Filter>
    </ClCompile>
    <ClCompile Include="Engine\BillBoard.cpp">
      <Filter>01Engine\DirectX</Filter>
    </ClCompile>
    <ClCompile Include="Engine\VFX.cpp">
      <Filter>01Engine\ResourceManager</Filter>
    </ClCompile>
    <ClCompile Include="Stage.cpp" />
    <ClCompile Include="Cell.cpp" />
    <ClCompile Include="Triangle.cpp" />
    <ClCompile Include="CollisionMap.cpp" />
    <ClCompile Include="NavigationAI.cpp" />
    <ClCompile Include="GameManager.cpp" />
    <ClCompile Include="MasterHand.cpp">
      <Filter>08Enemy\Enemies</Filter>
    </ClCompile>
    <ClCompile Include="Player.cpp">
      <Filter>07Player</Filter>
    </ClCompile>
    <ClCompile Include="EnemySpawnCtrl.cpp">
      <Filter>08Enemy</Filter>
    </ClCompile>
    <ClCompile Include="Feet.cpp">
      <Filter>08Enemy\Enemies</Filter>
    </ClCompile>
    <ClCompile Include="UIBase.cpp">
      <Filter>04UI\Base</Filter>
    </ClCompile>
    <ClCompile Include="StateManager.cpp">
      <Filter>06State</Filter>
    </ClCompile>
    <ClCompile Include="PlayerCommand.cpp">
      <Filter>07Player</Filter>
    </ClCompile>
    <ClCompile Include="EnemyUi.cpp">
      <Filter>08Enemy\EnemyBase</Filter>
    </ClCompile>
    <ClCompile Include="PlayScene.cpp">
      <Filter>03Scene</Filter>
    </ClCompile>
    <ClCompile Include="TitleScene.cpp">
      <Filter>03Scene</Filter>
    </ClCompile>
    <ClCompile Include="AudioManager.cpp" />
    <ClCompile Include="Aim.cpp">
      <Filter>07Player</Filter>
    </ClCompile>
    <ClCompile Include="UIManager.cpp">
      <Filter>04UI\Base</Filter>
    </ClCompile>
    <ClCompile Include="TitleUIManager.cpp">
      <Filter>04UI</Filter>
    </ClCompile>
    <ClCompile Include="ExitUIManager.cpp">
      <Filter>04UI</Filter>
    </ClCompile>
    <ClCompile Include="DamageCtrl.cpp">
      <Filter>08Enemy</Filter>
    </ClCompile>
    <ClCompile Include="TestBullet.cpp">
      <Filter>09Weapon\Bullet</Filter>
    </ClCompile>
    <ClCompile Include="TestWeaponMain.cpp">
      <Filter>09Weapon\Weapon</Filter>
    </ClCompile>
    <ClCompile Include="TestWeaponSub.cpp">
      <Filter>09Weapon\Weapon</Filter>
    </ClCompile>
    <ClCompile Include="WeaponBase.cpp">
      <Filter>09Weapon\Base</Filter>
    </ClCompile>
    <ClCompile Include="Engine\LineCollider.cpp">
      <Filter>01Engine\Collider</Filter>
    </ClCompile>
    <ClCompile Include="WeaponObjectManager.cpp">
      <Filter>09Weapon\Object</Filter>
    </ClCompile>
    <ClCompile Include="WeaponObject.cpp">
      <Filter>09Weapon\Object</Filter>
    </ClCompile>
    <ClCompile Include="BulletBase.cpp">
      <Filter>09Weapon\Base</Filter>
    </ClCompile>
    <ClCompile Include="EnemyBase.cpp">
      <Filter>08Enemy\EnemyBase</Filter>
    </ClCompile>
    <ClCompile Include="BehaviourNode.cpp">
      <Filter>05BehaviorTree\01Base</Filter>
    </ClCompile>
    <ClCompile Include="MoveActionNode.cpp">
      <Filter>05BehaviorTree\02ActionNode</Filter>
    </ClCompile>
    <ClCompile Include="TargetConditionCountNode.cpp">
      <Filter>05BehaviorTree\03ConditionNode</Filter>
    </ClCompile>
    <ClCompile Include="DropTable.cpp">
      <Filter>08Enemy</Filter>
    </ClCompile>
    <ClCompile Include="BaseAction.cpp">
      <Filter>10Action\Base</Filter>
    </ClCompile>
    <ClCompile Include="FeetState.cpp">
      <Filter>06State\Enemy</Filter>
    </ClCompile>
    <ClCompile Include="PlayerState.cpp">
      <Filter>06State\Player</Filter>
    </ClCompile>
    <ClCompile Include="RotateAction.cpp">
      <Filter>10Action\Actions</Filter>
    </ClCompile>
    <ClCompile Include="PlayerConditionNode.cpp">
      <Filter>05BehaviorTree\03ConditionNode</Filter>
    </ClCompile>
    <ClCompile Include="StateCountNode.cpp">
      <Filter>05BehaviorTree\03ConditionNode</Filter>
    </ClCompile>
    <ClCompile Include="IsEnemyStateNode.cpp">
      <Filter>05BehaviorTree\03ConditionNode</Filter>
    </ClCompile>
    <ClCompile Include="FeetNode.cpp">
      <Filter>05BehaviorTree\Feet</Filter>
    </ClCompile>
    <ClCompile Include="MoveAction.cpp">
      <Filter>10Action\Actions</Filter>
    </ClCompile>
  </ItemGroup>
  <ItemGroup>
    <ClInclude Include="Engine\BoxCollider.h">
      <Filter>01Engine\Collider</Filter>
    </ClInclude>
    <ClInclude Include="Engine\Collider.h">
      <Filter>01Engine\Collider</Filter>
    </ClInclude>
    <ClInclude Include="Engine\SphereCollider.h">
      <Filter>01Engine\Collider</Filter>
    </ClInclude>
    <ClInclude Include="Engine\Direct3D.h">
      <Filter>01Engine\DirectX</Filter>
    </ClInclude>
    <ClInclude Include="Engine\Fbx.h">
      <Filter>01Engine\DirectX</Filter>
    </ClInclude>
    <ClInclude Include="Engine\FbxParts.h">
      <Filter>01Engine\DirectX</Filter>
    </ClInclude>
    <ClInclude Include="Engine\Input.h">
      <Filter>01Engine\DirectX</Filter>
    </ClInclude>
    <ClInclude Include="Engine\Sprite.h">
      <Filter>01Engine\DirectX</Filter>
    </ClInclude>
    <ClInclude Include="Engine\Camera.h">
      <Filter>01Engine\GameObject</Filter>
    </ClInclude>
    <ClInclude Include="Engine\GameObject.h">
      <Filter>01Engine\GameObject</Filter>
    </ClInclude>
    <ClInclude Include="Engine\RootObject.h">
      <Filter>01Engine\GameObject</Filter>
    </ClInclude>
    <ClInclude Include="Engine\CsvReader.h">
      <Filter>01Engine\ResourceManager</Filter>
    </ClInclude>
    <ClInclude Include="Engine\Image.h">
      <Filter>01Engine\ResourceManager</Filter>
    </ClInclude>
    <ClInclude Include="Engine\Model.h">
      <Filter>01Engine\ResourceManager</Filter>
    </ClInclude>
    <ClInclude Include="Engine\Global.h">
      <Filter>01Engine</Filter>
    </ClInclude>
    <ClInclude Include="Engine\SceneManager.h">
      <Filter>01Engine</Filter>
    </ClInclude>
    <ClInclude Include="Engine\Texture.h">
      <Filter>01Engine\DirectX</Filter>
    </ClInclude>
    <ClInclude Include="Engine\Transform.h">
      <Filter>01Engine\GameObject</Filter>
    </ClInclude>
    <ClInclude Include="Engine\Audio.h">
      <Filter>01Engine\ResourceManager</Filter>
    </ClInclude>
    <ClInclude Include="Engine\Text.h">
      <Filter>01Engine\ResourceManager</Filter>
    </ClInclude>
    <ClInclude Include="Engine\Debug.h">
      <Filter>01Engine\ResourceManager</Filter>
    </ClInclude>
    <ClInclude Include="Engine\BillBoard.h">
      <Filter>01Engine\DirectX</Filter>
    </ClInclude>
    <ClInclude Include="Engine\VFX.h">
      <Filter>01Engine\ResourceManager</Filter>
    </ClInclude>
    <ClInclude Include="Stage.h" />
    <ClInclude Include="Cell.h" />
    <ClInclude Include="Triangle.h" />
    <ClInclude Include="CollisionMap.h" />
    <ClInclude Include="NavigationAI.h" />
    <ClInclude Include="GameManager.h" />
    <ClInclude Include="EnemyBase.h">
      <Filter>08Enemy\EnemyBase</Filter>
    </ClInclude>
    <ClInclude Include="MasterHand.h">
      <Filter>08Enemy\Enemies</Filter>
    </ClInclude>
    <ClInclude Include="Player.h">
      <Filter>07Player</Filter>
    </ClInclude>
    <ClInclude Include="EnemySpawnCtrl.h">
      <Filter>08Enemy</Filter>
    </ClInclude>
    <ClInclude Include="Feet.h">
      <Filter>08Enemy\Enemies</Filter>
    </ClInclude>
    <ClInclude Include="UIBase.h">
      <Filter>04UI\Base</Filter>
    </ClInclude>
    <ClInclude Include="StateBase.h">
      <Filter>06State\Base</Filter>
    </ClInclude>
    <ClInclude Include="StateManager.h">
      <Filter>06State</Filter>
    </ClInclude>
    <ClInclude Include="PlayerCommand.h">
      <Filter>07Player</Filter>
    </ClInclude>
    <ClInclude Include="EnemyUi.h">
      <Filter>08Enemy\EnemyBase</Filter>
    </ClInclude>
    <ClInclude Include="PlayScene.h">
      <Filter>03Scene</Filter>
    </ClInclude>
    <ClInclude Include="TitleScene.h">
      <Filter>03Scene</Filter>
    </ClInclude>
    <ClInclude Include="AudioManager.h" />
    <ClInclude Include="Aim.h">
      <Filter>07Player</Filter>
    </ClInclude>
    <ClInclude Include="UIManager.h">
      <Filter>04UI\Base</Filter>
    </ClInclude>
    <ClInclude Include="TitleUIManager.h">
      <Filter>04UI</Filter>
    </ClInclude>
    <ClInclude Include="ExitUIManager.h">
      <Filter>04UI</Filter>
    </ClInclude>
    <ClInclude Include="DamageCtrl.h">
      <Filter>08Enemy</Filter>
    </ClInclude>
    <ClInclude Include="TestBullet.h">
      <Filter>09Weapon\Bullet</Filter>
    </ClInclude>
    <ClInclude Include="TestWeaponMain.h">
      <Filter>09Weapon\Weapon</Filter>
    </ClInclude>
    <ClInclude Include="TestWeaponSub.h">
      <Filter>09Weapon\Weapon</Filter>
    </ClInclude>
    <ClInclude Include="WeaponBase.h">
      <Filter>09Weapon\Base</Filter>
    </ClInclude>
    <ClInclude Include="Engine\LineCollider.h">
      <Filter>01Engine\Collider</Filter>
    </ClInclude>
    <ClInclude Include="WeaponObject.h">
      <Filter>09Weapon\Object</Filter>
    </ClInclude>
    <ClInclude Include="WeaponObjectManager.h">
      <Filter>09Weapon\Object</Filter>
    </ClInclude>
    <ClInclude Include="BulletBase.h">
      <Filter>09Weapon\Base</Filter>
    </ClInclude>
    <ClInclude Include="BehaviourNode.h">
      <Filter>05BehaviorTree\01Base</Filter>
    </ClInclude>
    <ClInclude Include="MoveActionNode.h">
      <Filter>05BehaviorTree\02ActionNode</Filter>
    </ClInclude>
    <ClInclude Include="TargetConditionCountNode.h">
      <Filter>05BehaviorTree\03ConditionNode</Filter>
    </ClInclude>
    <ClInclude Include="DropTable.h">
      <Filter>08Enemy</Filter>
    </ClInclude>
    <ClInclude Include="BaseAction.h">
      <Filter>10Action\Base</Filter>
    </ClInclude>
    <ClInclude Include="FeetState.h">
      <Filter>06State\Enemy</Filter>
    </ClInclude>
    <ClInclude Include="PlayerState.h">
      <Filter>06State\Player</Filter>
    </ClInclude>
    <ClInclude Include="RotateAction.h">
      <Filter>10Action\Actions</Filter>
    </ClInclude>
    <ClInclude Include="PlayerConditionNode.h">
      <Filter>05BehaviorTree\03ConditionNode</Filter>
    </ClInclude>
    <ClInclude Include="StateCountNode.h">
      <Filter>05BehaviorTree\03ConditionNode</Filter>
    </ClInclude>
    <ClInclude Include="IsEnemyStateNode.h">
      <Filter>05BehaviorTree\03ConditionNode</Filter>
    </ClInclude>
    <ClInclude Include="FeetNode.h">
      <Filter>05BehaviorTree\Feet</Filter>
    </ClInclude>
    <ClInclude Include="MoveAction.h">
      <Filter>10Action\Actions</Filter>
    </ClInclude>
  </ItemGroup>
  <ItemGroup>
    <FxCompile Include="Assets\Shader\Simple2D.hlsl">
      <Filter>02Shader</Filter>
    </FxCompile>
    <FxCompile Include="Assets\Shader\Simple3D.hlsl">
      <Filter>02Shader</Filter>
    </FxCompile>
    <FxCompile Include="Assets\Shader\Debug3D.hlsl">
      <Filter>02Shader</Filter>
    </FxCompile>
    <FxCompile Include="Assets\Shader\BillBoard.hlsl">
      <Filter>02Shader</Filter>
    </FxCompile>
    <FxCompile Include="Assets\Shader\OutLine.hlsl">
      <Filter>02Shader</Filter>
    </FxCompile>
    <FxCompile Include="Assets\Shader\Chara3D.hlsl">
      <Filter>02Shader</Filter>
    </FxCompile>
    <FxCompile Include="Assets\Shader\BillBoard2D.hlsl">
      <Filter>02Shader</Filter>
    </FxCompile>
  </ItemGroup>
</Project>