<?xml version="1.0" encoding="utf-8"?>
<Project ToolsVersion="4.0" xmlns="http://schemas.microsoft.com/developer/msbuild/2003">
  <ItemGroup>
    <Filter Include="リソース ファイル">
      <UniqueIdentifier>{67DA6AB6-F800-4c08-8B7A-83BB121AAD01}</UniqueIdentifier>
      <Extensions>rc;ico;cur;bmp;dlg;rc2;rct;bin;rgs;gif;jpg;jpeg;jpe;resx;tiff;tif;png;wav;mfcribbon-ms</Extensions>
    </Filter>
    <Filter Include="01Engine">
      <UniqueIdentifier>{e5fccdcb-f299-4448-bdb6-01fa28039576}</UniqueIdentifier>
    </Filter>
    <Filter Include="01Engine\Collider">
      <UniqueIdentifier>{7f19ecfb-5d70-4d31-a1f7-c9dd14bad324}</UniqueIdentifier>
    </Filter>
    <Filter Include="01Engine\DirectX">
      <UniqueIdentifier>{e56f8c9a-95a5-4ceb-b65f-5b8e572d087b}</UniqueIdentifier>
    </Filter>
    <Filter Include="01Engine\GameObject">
      <UniqueIdentifier>{b450e438-c939-4b05-b319-0e3c0b4a335c}</UniqueIdentifier>
    </Filter>
    <Filter Include="01Engine\ResourceManager">
      <UniqueIdentifier>{bedee914-5063-4c08-95bb-79c861b4969c}</UniqueIdentifier>
    </Filter>
    <Filter Include="02Shader">
      <UniqueIdentifier>{47a6a3f5-8cfd-436b-8d58-beccd108f3f3}</UniqueIdentifier>
      <Extensions>hlsl</Extensions>
    </Filter>
    <Filter Include="08Enemy">
      <UniqueIdentifier>{41ef1b12-3dc4-44d5-8224-49a169e131f1}</UniqueIdentifier>
    </Filter>
    <Filter Include="08Enemy\EnemyBase">
      <UniqueIdentifier>{45e1984c-0a58-4c08-9b28-222eb7b2751e}</UniqueIdentifier>
    </Filter>
    <Filter Include="08Enemy\Enemies">
      <UniqueIdentifier>{bba5f4f1-692c-4c4d-8c84-026ee8023168}</UniqueIdentifier>
    </Filter>
    <Filter Include="09Weapon">
      <UniqueIdentifier>{aa00871e-525a-4d86-8143-3ca9980ffc6c}</UniqueIdentifier>
    </Filter>
    <Filter Include="09Weapon\Bullet">
      <UniqueIdentifier>{6dd57487-9671-4a91-b667-b5c85bbb2e66}</UniqueIdentifier>
    </Filter>
    <Filter Include="09Weapon\Base">
      <UniqueIdentifier>{c3450bad-3506-4e41-8646-7fe925f04220}</UniqueIdentifier>
    </Filter>
    <Filter Include="09Weapon\Object">
      <UniqueIdentifier>{fb6cf40c-66b7-491c-8a2a-d9febfdecc2e}</UniqueIdentifier>
    </Filter>
    <Filter Include="06State">
      <UniqueIdentifier>{8a662b94-36ef-44f4-8b8b-6139c1732c11}</UniqueIdentifier>
    </Filter>
    <Filter Include="06State\Base">
      <UniqueIdentifier>{bab4fd1d-232e-4963-bec1-cc685a8bc568}</UniqueIdentifier>
    </Filter>
    <Filter Include="05BehaviorTree">
      <UniqueIdentifier>{8b35f917-7762-4bfa-a56f-85218def731f}</UniqueIdentifier>
    </Filter>
    <Filter Include="05BehaviorTree\01Base">
      <UniqueIdentifier>{47a31af1-8999-4e87-be2a-9c790f8040b0}</UniqueIdentifier>
    </Filter>
    <Filter Include="05BehaviorTree\02ActionNode">
      <UniqueIdentifier>{7aa981cb-241b-4e71-a014-851dc0e64640}</UniqueIdentifier>
    </Filter>
    <Filter Include="05BehaviorTree\03ConditionNode">
      <UniqueIdentifier>{40fd9fcb-a992-4e8e-aa78-093baa870b2e}</UniqueIdentifier>
    </Filter>
    <Filter Include="10Action">
      <UniqueIdentifier>{d2fbf88a-f8e5-4a0d-96bc-8443ea48cc0e}</UniqueIdentifier>
    </Filter>
    <Filter Include="10Action\Base">
      <UniqueIdentifier>{4d1447ee-e60c-42b8-8149-ac36e8e9155e}</UniqueIdentifier>
    </Filter>
    <Filter Include="10Action\Actions">
      <UniqueIdentifier>{57f338e4-fc08-46dd-9016-2e884d279241}</UniqueIdentifier>
    </Filter>
    <Filter Include="06State\Enemy">
      <UniqueIdentifier>{39a37125-5190-4e89-ae15-671ab9bb9fb6}</UniqueIdentifier>
    </Filter>
    <Filter Include="06State\Player">
      <UniqueIdentifier>{a3b99297-e4e2-4533-b267-eae497f6f730}</UniqueIdentifier>
    </Filter>
    <Filter Include="11Animation">
      <UniqueIdentifier>{f2fd3b5b-9812-4d61-8d08-0a1f902da6c9}</UniqueIdentifier>
    </Filter>
    <Filter Include="12Stage">
      <UniqueIdentifier>{f17cee51-8ce2-41ab-b564-b00204fc3e6e}</UniqueIdentifier>
    </Filter>
    <Filter Include="09Weapon\Weapons">
      <UniqueIdentifier>{45555a1b-c656-4b82-90db-50aabcc9dbc6}</UniqueIdentifier>
    </Filter>
    <Filter Include="06State\Manager">
      <UniqueIdentifier>{837039e6-d860-43e3-82a8-b3dde0b1a591}</UniqueIdentifier>
    </Filter>
    <Filter Include="07Player">
      <UniqueIdentifier>{e04af741-50b7-426b-8ed5-0d84c1ba486c}</UniqueIdentifier>
    </Filter>
    <Filter Include="04UI">
      <UniqueIdentifier>{8b8e6f8e-5c92-4eb7-8beb-f190033fe076}</UniqueIdentifier>
    </Filter>
    <Filter Include="04UI\Base">
      <UniqueIdentifier>{d7ded092-3bdb-499f-b158-284045e8ad77}</UniqueIdentifier>
    </Filter>
    <Filter Include="04UI\Manager">
      <UniqueIdentifier>{2d9d2699-ca70-41f6-bb69-82fe3c79a800}</UniqueIdentifier>
    </Filter>
    <Filter Include="04UI\Interaction">
      <UniqueIdentifier>{28a3e141-47b1-4ca1-973e-4a861a4cc79f}</UniqueIdentifier>
    </Filter>
    <Filter Include="03Scene">
      <UniqueIdentifier>{3c140e0d-d296-431c-a2e9-c6b1e3fae785}</UniqueIdentifier>
    </Filter>
    <Filter Include="03Scene\Stage">
      <UniqueIdentifier>{cb26ec16-ea84-4e65-9ca3-6bfdbd340bc9}</UniqueIdentifier>
    </Filter>
    <Filter Include="03Scene\Stage\Stage1">
      <UniqueIdentifier>{ca4fc463-693b-40c2-8e29-cf77a712cee3}</UniqueIdentifier>
    </Filter>
    <Filter Include="03Scene\Stage\Stage2">
      <UniqueIdentifier>{9630320b-6761-4a55-bcef-3caa8c961d5c}</UniqueIdentifier>
    </Filter>
    <Filter Include="03Scene\Stage\Stage3">
      <UniqueIdentifier>{c8f62308-17d4-4d83-af48-fb7a7bc2ad71}</UniqueIdentifier>
    </Filter>
    <Filter Include="03Scene\Base">
      <UniqueIdentifier>{ca23a4cb-66f8-49a0-8901-bff618760a67}</UniqueIdentifier>
    </Filter>
    <Filter Include="03Scene\Ornament">
      <UniqueIdentifier>{b78aad7c-1ab8-46ab-a6dc-9337e00b7fc9}</UniqueIdentifier>
    </Filter>
    <Filter Include="13GameManager">
      <UniqueIdentifier>{cae6212c-5e18-4c1a-8b02-835e76869ce9}</UniqueIdentifier>
    </Filter>
    <Filter Include="14Character">
      <UniqueIdentifier>{d58b2a94-1d06-4230-b086-4db5cd8acf23}</UniqueIdentifier>
    </Filter>
    <Filter Include="15Item">
      <UniqueIdentifier>{96265a74-62f7-435f-bd0b-f73a0cba2012}</UniqueIdentifier>
    </Filter>
  </ItemGroup>
  <ItemGroup>
    <ClCompile Include="Engine\BoxCollider.cpp">
      <Filter>01Engine\Collider</Filter>
    </ClCompile>
    <ClCompile Include="Engine\Collider.cpp">
      <Filter>01Engine\Collider</Filter>
    </ClCompile>
    <ClCompile Include="Engine\SphereCollider.cpp">
      <Filter>01Engine\Collider</Filter>
    </ClCompile>
    <ClCompile Include="Engine\Direct3D.cpp">
      <Filter>01Engine\DirectX</Filter>
    </ClCompile>
    <ClCompile Include="Engine\Fbx.cpp">
      <Filter>01Engine\DirectX</Filter>
    </ClCompile>
    <ClCompile Include="Engine\FbxParts.cpp">
      <Filter>01Engine\DirectX</Filter>
    </ClCompile>
    <ClCompile Include="Engine\Input.cpp">
      <Filter>01Engine\DirectX</Filter>
    </ClCompile>
    <ClCompile Include="Engine\Sprite.cpp">
      <Filter>01Engine\DirectX</Filter>
    </ClCompile>
    <ClCompile Include="Engine\Camera.cpp">
      <Filter>01Engine\GameObject</Filter>
    </ClCompile>
    <ClCompile Include="Engine\GameObject.cpp">
      <Filter>01Engine\GameObject</Filter>
    </ClCompile>
    <ClCompile Include="Engine\RootObject.cpp">
      <Filter>01Engine\GameObject</Filter>
    </ClCompile>
    <ClCompile Include="Engine\CsvReader.cpp">
      <Filter>01Engine\ResourceManager</Filter>
    </ClCompile>
    <ClCompile Include="Engine\Image.cpp">
      <Filter>01Engine\ResourceManager</Filter>
    </ClCompile>
    <ClCompile Include="Engine\Model.cpp">
      <Filter>01Engine\ResourceManager</Filter>
    </ClCompile>
    <ClCompile Include="Engine\Main.cpp">
      <Filter>01Engine</Filter>
    </ClCompile>
    <ClCompile Include="Engine\SceneManager.cpp">
      <Filter>01Engine</Filter>
    </ClCompile>
    <ClCompile Include="Engine\Texture.cpp">
      <Filter>01Engine\DirectX</Filter>
    </ClCompile>
    <ClCompile Include="Engine\Transform.cpp">
      <Filter>01Engine\GameObject</Filter>
    </ClCompile>
    <ClCompile Include="Engine\Audio.cpp">
      <Filter>01Engine\ResourceManager</Filter>
    </ClCompile>
    <ClCompile Include="Engine\Text.cpp">
      <Filter>01Engine\ResourceManager</Filter>
    </ClCompile>
    <ClCompile Include="Engine\Debug.cpp">
      <Filter>01Engine\ResourceManager</Filter>
    </ClCompile>
    <ClCompile Include="Engine\BillBoard.cpp">
      <Filter>01Engine\DirectX</Filter>
    </ClCompile>
    <ClCompile Include="Engine\VFX.cpp">
      <Filter>01Engine\ResourceManager</Filter>
    </ClCompile>
    <ClCompile Include="AudioManager.cpp" />
    <ClCompile Include="Engine\SegmentCollider.cpp">
      <Filter>01Engine\Collider</Filter>
    </ClCompile>
    <ClCompile Include="AnimationController.cpp">
      <Filter>11Animation</Filter>
    </ClCompile>
    <ClCompile Include="VFXManager.cpp" />
    <ClCompile Include="Engine\PolyLine.cpp">
      <Filter>01Engine\GameObject</Filter>
    </ClCompile>
    <ClCompile Include="Stage\Cell.cpp">
      <Filter>12Stage</Filter>
    </ClCompile>
    <ClCompile Include="Stage\CollisionMap.cpp">
      <Filter>12Stage</Filter>
    </ClCompile>
    <ClCompile Include="Stage\CreateStage.cpp">
      <Filter>12Stage</Filter>
    </ClCompile>
    <ClCompile Include="Stage\Triangle.cpp">
      <Filter>12Stage</Filter>
    </ClCompile>
    <ClCompile Include="Stage\Warp.cpp">
      <Filter>12Stage</Filter>
    </ClCompile>
    <ClCompile Include="Action\MoveAction.cpp">
      <Filter>10Action\Actions</Filter>
    </ClCompile>
    <ClCompile Include="Action\RotateAction.cpp">
      <Filter>10Action\Actions</Filter>
    </ClCompile>
    <ClCompile Include="Action\SearchAction.cpp">
      <Filter>10Action\Actions</Filter>
    </ClCompile>
    <ClCompile Include="Action\BaseAction.cpp">
      <Filter>10Action\Base</Filter>
    </ClCompile>
    <ClCompile Include="Weapon\BulletBase.cpp">
      <Filter>09Weapon\Base</Filter>
    </ClCompile>
    <ClCompile Include="Weapon\WeaponBase.cpp">
      <Filter>09Weapon\Base</Filter>
    </ClCompile>
    <ClCompile Include="Enemy\EnemyBase.cpp">
      <Filter>08Enemy\EnemyBase</Filter>
    </ClCompile>
    <ClCompile Include="Enemy\EnemyUi.cpp">
      <Filter>08Enemy\EnemyBase</Filter>
    </ClCompile>
    <ClCompile Include="Weapon\WeaponObject.cpp">
      <Filter>09Weapon\Object</Filter>
    </ClCompile>
    <ClCompile Include="Weapon\WeaponObjectManager.cpp">
      <Filter>09Weapon\Object</Filter>
    </ClCompile>
    <ClCompile Include="Enemy\DropTable.cpp">
      <Filter>08Enemy</Filter>
    </ClCompile>
    <ClCompile Include="Enemy\EnemyManager.cpp">
      <Filter>08Enemy</Filter>
    </ClCompile>
    <ClCompile Include="Player\Aim.cpp">
      <Filter>07Player</Filter>
    </ClCompile>
    <ClCompile Include="Player\LifeManager.cpp">
      <Filter>07Player</Filter>
    </ClCompile>
    <ClCompile Include="Player\Player.cpp">
      <Filter>07Player</Filter>
    </ClCompile>
    <ClCompile Include="Player\PlayerData.cpp">
      <Filter>07Player</Filter>
    </ClCompile>
    <ClCompile Include="Player\PlayerWeapon.cpp">
      <Filter>07Player</Filter>
    </ClCompile>
    <ClCompile Include="State\PlayerState.cpp">
      <Filter>06State\Player</Filter>
    </ClCompile>
    <ClCompile Include="State\StateManager.cpp">
      <Filter>06State\Manager</Filter>
    </ClCompile>
    <ClCompile Include="BehaviorTree\BehaviourNode.cpp">
      <Filter>05BehaviorTree\01Base</Filter>
    </ClCompile>
    <ClCompile Include="BehaviorTree\ChangeStateNode.cpp">
      <Filter>05BehaviorTree\02ActionNode</Filter>
    </ClCompile>
    <ClCompile Include="BehaviorTree\IsEnemyActionReadyNode.cpp">
      <Filter>05BehaviorTree\03ConditionNode</Filter>
    </ClCompile>
    <ClCompile Include="BehaviorTree\IsEnemyStateNode.cpp">
      <Filter>05BehaviorTree\03ConditionNode</Filter>
    </ClCompile>
    <ClCompile Include="BehaviorTree\PlayerConditionNode.cpp">
      <Filter>05BehaviorTree\03ConditionNode</Filter>
    </ClCompile>
    <ClCompile Include="BehaviorTree\StateCountNode.cpp">
      <Filter>05BehaviorTree\03ConditionNode</Filter>
    </ClCompile>
    <ClCompile Include="UI\UIBase.cpp">
      <Filter>04UI\Base</Filter>
    </ClCompile>
    <ClCompile Include="UI\UIManager.cpp">
      <Filter>04UI\Base</Filter>
    </ClCompile>
    <ClCompile Include="Scene\TitleScene.cpp">
      <Filter>03Scene</Filter>
    </ClCompile>
    <ClCompile Include="Scene\Stage1.cpp">
      <Filter>03Scene\Stage\Stage1</Filter>
    </ClCompile>
    <ClCompile Include="Scene\Stage2.cpp">
      <Filter>03Scene\Stage\Stage2</Filter>
    </ClCompile>
    <ClCompile Include="Scene\Stage3.cpp">
      <Filter>03Scene\Stage\Stage3</Filter>
    </ClCompile>
    <ClCompile Include="UI\ExitUIManager.cpp">
      <Filter>04UI\Manager</Filter>
    </ClCompile>
    <ClCompile Include="UI\TitleUIManager.cpp">
      <Filter>04UI\Manager</Filter>
    </ClCompile>
    <ClCompile Include="Scene\SceneBase.cpp">
      <Filter>03Scene\Base</Filter>
    </ClCompile>
    <ClCompile Include="Enemy\ThrowEnemy.cpp">
      <Filter>08Enemy\Enemies</Filter>
    </ClCompile>
    <ClCompile Include="State\ThrowState.cpp">
      <Filter>06State\Enemy</Filter>
    </ClCompile>
    <ClCompile Include="Weapon\ThrowBullet.cpp">
      <Filter>09Weapon\Bullet</Filter>
    </ClCompile>
    <ClCompile Include="Scene\ResultScene.cpp">
      <Filter>03Scene</Filter>
    </ClCompile>
    <ClCompile Include="UI\ResultUIManager.cpp">
      <Filter>04UI\Manager</Filter>
    </ClCompile>
    <ClCompile Include="Ornament\PlayerOrnament.cpp">
      <Filter>03Scene\Ornament</Filter>
    </ClCompile>
    <ClCompile Include="Ornament\WeaponMainOrnament.cpp">
      <Filter>03Scene\Ornament</Filter>
    </ClCompile>
    <ClCompile Include="Stage\SkyBox.cpp">
      <Filter>12Stage</Filter>
    </ClCompile>
    <ClCompile Include="Enemy\StoneGolem.cpp">
      <Filter>08Enemy\Enemies</Filter>
    </ClCompile>
    <ClCompile Include="State\StoneGolemState.cpp">
      <Filter>06State\Enemy</Filter>
    </ClCompile>
    <ClCompile Include="Weapon\StoneArmWeapon.cpp">
      <Filter>09Weapon\Weapons</Filter>
    </ClCompile>
    <ClCompile Include="UI\Interaction.cpp">
      <Filter>04UI\Interaction</Filter>
    </ClCompile>
    <ClCompile Include="UI\InteractionUI.cpp">
      <Filter>04UI\Interaction</Filter>
    </ClCompile>
    <ClCompile Include="BehaviorTree\IsEnemyPermission.cpp">
      <Filter>05BehaviorTree\03ConditionNode</Filter>
    </ClCompile>
    <ClCompile Include="Engine\TransitionEffect.cpp">
      <Filter>01Engine\ResourceManager</Filter>
    </ClCompile>
    <ClCompile Include="Enemy\MeleeFighter.cpp">
      <Filter>08Enemy\Enemies</Filter>
    </ClCompile>
    <ClCompile Include="State\MeleeFighterState.cpp">
      <Filter>06State\Enemy</Filter>
    </ClCompile>
    <ClCompile Include="GameManager\CombatAI.cpp">
      <Filter>13GameManager</Filter>
    </ClCompile>
    <ClCompile Include="GameManager\DifficultyManager.cpp">
      <Filter>13GameManager</Filter>
    </ClCompile>
    <ClCompile Include="GameManager\GameManager.cpp">
      <Filter>13GameManager</Filter>
    </ClCompile>
    <ClCompile Include="Character\Character.cpp">
      <Filter>14Character</Filter>
    </ClCompile>
    <ClCompile Include="Character\CharacterManager.cpp">
      <Filter>14Character</Filter>
    </ClCompile>
    <ClCompile Include="Stage\NavigationAI.cpp">
      <Filter>12Stage</Filter>
    </ClCompile>
    <ClCompile Include="Weapon\NormalBullet.cpp">
      <Filter>09Weapon\Bullet</Filter>
    </ClCompile>
    <ClCompile Include="Weapon\MainSwordWeapon.cpp">
      <Filter>09Weapon\Weapons</Filter>
    </ClCompile>
    <ClCompile Include="Engine\Easing.cpp">
      <Filter>01Engine\ResourceManager</Filter>
    </ClCompile>
    <ClCompile Include="Scene\StageBase.cpp">
      <Filter>03Scene\Base</Filter>
    </ClCompile>
    <ClCompile Include="BehaviorTree\CameraConditionNode.cpp">
      <Filter>05BehaviorTree\03ConditionNode</Filter>
    </ClCompile>
    <ClCompile Include="InputManager.cpp" />
    <ClCompile Include="Weapon\NormalGunWeapon.cpp">
      <Filter>09Weapon\Weapons</Filter>
    </ClCompile>
    <ClCompile Include="UI\PauseUIManager.cpp">
      <Filter>04UI\Manager</Filter>
    </ClCompile>
    <ClCompile Include="UI\Cursor.cpp">
      <Filter>04UI\Base</Filter>
    </ClCompile>
    <ClCompile Include="Item\RecoveryItem.cpp">
      <Filter>15Item</Filter>
    </ClCompile>
  </ItemGroup>
  <ItemGroup>
    <ClInclude Include="Engine\BoxCollider.h">
      <Filter>01Engine\Collider</Filter>
    </ClInclude>
    <ClInclude Include="Engine\Collider.h">
      <Filter>01Engine\Collider</Filter>
    </ClInclude>
    <ClInclude Include="Engine\SphereCollider.h">
      <Filter>01Engine\Collider</Filter>
    </ClInclude>
    <ClInclude Include="Engine\Direct3D.h">
      <Filter>01Engine\DirectX</Filter>
    </ClInclude>
    <ClInclude Include="Engine\Fbx.h">
      <Filter>01Engine\DirectX</Filter>
    </ClInclude>
    <ClInclude Include="Engine\FbxParts.h">
      <Filter>01Engine\DirectX</Filter>
    </ClInclude>
    <ClInclude Include="Engine\Input.h">
      <Filter>01Engine\DirectX</Filter>
    </ClInclude>
    <ClInclude Include="Engine\Sprite.h">
      <Filter>01Engine\DirectX</Filter>
    </ClInclude>
    <ClInclude Include="Engine\Camera.h">
      <Filter>01Engine\GameObject</Filter>
    </ClInclude>
    <ClInclude Include="Engine\GameObject.h">
      <Filter>01Engine\GameObject</Filter>
    </ClInclude>
    <ClInclude Include="Engine\RootObject.h">
      <Filter>01Engine\GameObject</Filter>
    </ClInclude>
    <ClInclude Include="Engine\CsvReader.h">
      <Filter>01Engine\ResourceManager</Filter>
    </ClInclude>
    <ClInclude Include="Engine\Image.h">
      <Filter>01Engine\ResourceManager</Filter>
    </ClInclude>
    <ClInclude Include="Engine\Model.h">
      <Filter>01Engine\ResourceManager</Filter>
    </ClInclude>
    <ClInclude Include="Engine\Global.h">
      <Filter>01Engine</Filter>
    </ClInclude>
    <ClInclude Include="Engine\SceneManager.h">
      <Filter>01Engine</Filter>
    </ClInclude>
    <ClInclude Include="Engine\Texture.h">
      <Filter>01Engine\DirectX</Filter>
    </ClInclude>
    <ClInclude Include="Engine\Transform.h">
      <Filter>01Engine\GameObject</Filter>
    </ClInclude>
    <ClInclude Include="Engine\Audio.h">
      <Filter>01Engine\ResourceManager</Filter>
    </ClInclude>
    <ClInclude Include="Engine\Text.h">
      <Filter>01Engine\ResourceManager</Filter>
    </ClInclude>
    <ClInclude Include="Engine\Debug.h">
      <Filter>01Engine\ResourceManager</Filter>
    </ClInclude>
    <ClInclude Include="Engine\BillBoard.h">
      <Filter>01Engine\DirectX</Filter>
    </ClInclude>
    <ClInclude Include="Engine\VFX.h">
      <Filter>01Engine\ResourceManager</Filter>
    </ClInclude>
    <ClInclude Include="AudioManager.h" />
    <ClInclude Include="Engine\SegmentCollider.h">
      <Filter>01Engine\Collider</Filter>
    </ClInclude>
    <ClInclude Include="AnimationController.h">
      <Filter>11Animation</Filter>
    </ClInclude>
    <ClInclude Include="VFXManager.h" />
    <ClInclude Include="Engine\PolyLine.h">
      <Filter>01Engine\GameObject</Filter>
    </ClInclude>
    <ClInclude Include="Stage\Cell.h">
      <Filter>12Stage</Filter>
    </ClInclude>
    <ClInclude Include="Stage\CollisionMap.h">
      <Filter>12Stage</Filter>
    </ClInclude>
    <ClInclude Include="Stage\CreateStage.h">
      <Filter>12Stage</Filter>
    </ClInclude>
    <ClInclude Include="Stage\Triangle.h">
      <Filter>12Stage</Filter>
    </ClInclude>
    <ClInclude Include="Stage\Warp.h">
      <Filter>12Stage</Filter>
    </ClInclude>
    <ClInclude Include="Action\MoveAction.h">
      <Filter>10Action\Actions</Filter>
    </ClInclude>
    <ClInclude Include="Action\RotateAction.h">
      <Filter>10Action\Actions</Filter>
    </ClInclude>
    <ClInclude Include="Action\SearchAction.h">
      <Filter>10Action\Actions</Filter>
    </ClInclude>
    <ClInclude Include="Action\BaseAction.h">
      <Filter>10Action\Base</Filter>
    </ClInclude>
    <ClInclude Include="Weapon\BulletBase.h">
      <Filter>09Weapon\Base</Filter>
    </ClInclude>
    <ClInclude Include="Weapon\WeaponBase.h">
      <Filter>09Weapon\Base</Filter>
    </ClInclude>
    <ClInclude Include="Enemy\EnemyBase.h">
      <Filter>08Enemy\EnemyBase</Filter>
    </ClInclude>
    <ClInclude Include="Enemy\EnemyUi.h">
      <Filter>08Enemy\EnemyBase</Filter>
    </ClInclude>
    <ClInclude Include="Weapon\WeaponObject.h">
      <Filter>09Weapon\Object</Filter>
    </ClInclude>
    <ClInclude Include="Weapon\WeaponObjectManager.h">
      <Filter>09Weapon\Object</Filter>
    </ClInclude>
    <ClInclude Include="Enemy\DropTable.h">
      <Filter>08Enemy</Filter>
    </ClInclude>
    <ClInclude Include="Enemy\EnemyManager.h">
      <Filter>08Enemy</Filter>
    </ClInclude>
    <ClInclude Include="Player\Aim.h">
      <Filter>07Player</Filter>
    </ClInclude>
    <ClInclude Include="Player\LifeManager.h">
      <Filter>07Player</Filter>
    </ClInclude>
    <ClInclude Include="Player\Player.h">
      <Filter>07Player</Filter>
    </ClInclude>
    <ClInclude Include="Player\PlayerData.h">
      <Filter>07Player</Filter>
    </ClInclude>
    <ClInclude Include="Player\PlayerWeapon.h">
      <Filter>07Player</Filter>
    </ClInclude>
    <ClInclude Include="State\StateBase.h">
      <Filter>06State\Base</Filter>
    </ClInclude>
    <ClInclude Include="State\PlayerState.h">
      <Filter>06State\Player</Filter>
    </ClInclude>
    <ClInclude Include="State\StateManager.h">
      <Filter>06State\Manager</Filter>
    </ClInclude>
    <ClInclude Include="BehaviorTree\BehaviourNode.h">
      <Filter>05BehaviorTree\01Base</Filter>
    </ClInclude>
    <ClInclude Include="BehaviorTree\ChangeStateNode.h">
      <Filter>05BehaviorTree\02ActionNode</Filter>
    </ClInclude>
    <ClInclude Include="BehaviorTree\IsEnemyActionReadyNode.h">
      <Filter>05BehaviorTree\03ConditionNode</Filter>
    </ClInclude>
    <ClInclude Include="BehaviorTree\IsEnemyStateNode.h">
      <Filter>05BehaviorTree\03ConditionNode</Filter>
    </ClInclude>
    <ClInclude Include="BehaviorTree\PlayerConditionNode.h">
      <Filter>05BehaviorTree\03ConditionNode</Filter>
    </ClInclude>
    <ClInclude Include="BehaviorTree\StateCountNode.h">
      <Filter>05BehaviorTree\03ConditionNode</Filter>
    </ClInclude>
    <ClInclude Include="UI\UIBase.h">
      <Filter>04UI\Base</Filter>
    </ClInclude>
    <ClInclude Include="UI\UIManager.h">
      <Filter>04UI\Base</Filter>
    </ClInclude>
    <ClInclude Include="Scene\TitleScene.h">
      <Filter>03Scene</Filter>
    </ClInclude>
    <ClInclude Include="Scene\Stage1.h">
      <Filter>03Scene\Stage\Stage1</Filter>
    </ClInclude>
    <ClInclude Include="Scene\Stage2.h">
      <Filter>03Scene\Stage\Stage2</Filter>
    </ClInclude>
    <ClInclude Include="Scene\Stage3.h">
      <Filter>03Scene\Stage\Stage3</Filter>
    </ClInclude>
    <ClInclude Include="UI\ExitUIManager.h">
      <Filter>04UI\Manager</Filter>
    </ClInclude>
    <ClInclude Include="UI\TitleUIManager.h">
      <Filter>04UI\Manager</Filter>
    </ClInclude>
    <ClInclude Include="Scene\SceneBase.h">
      <Filter>03Scene\Base</Filter>
    </ClInclude>
    <ClInclude Include="Enemy\ThrowEnemy.h">
      <Filter>08Enemy\Enemies</Filter>
    </ClInclude>
    <ClInclude Include="State\ThrowState.h">
      <Filter>06State\Enemy</Filter>
    </ClInclude>
    <ClInclude Include="Weapon\ThrowBullet.h">
      <Filter>09Weapon\Bullet</Filter>
    </ClInclude>
    <ClInclude Include="Scene\ResultScene.h">
      <Filter>03Scene</Filter>
    </ClInclude>
    <ClInclude Include="UI\ResultUIManager.h">
      <Filter>04UI\Manager</Filter>
    </ClInclude>
    <ClInclude Include="Ornament\PlayerOrnament.h">
      <Filter>03Scene\Ornament</Filter>
    </ClInclude>
    <ClInclude Include="Ornament\WeaponMainOrnament.h">
      <Filter>03Scene\Ornament</Filter>
    </ClInclude>
    <ClInclude Include="Stage\SkyBox.h">
      <Filter>12Stage</Filter>
    </ClInclude>
    <ClInclude Include="Enemy\StoneGolem.h">
      <Filter>08Enemy\Enemies</Filter>
    </ClInclude>
    <ClInclude Include="State\StoneGolemState.h">
      <Filter>06State\Enemy</Filter>
    </ClInclude>
    <ClInclude Include="Weapon\StoneArmWeapon.h">
      <Filter>09Weapon\Weapons</Filter>
    </ClInclude>
    <ClInclude Include="UI\Interaction.h">
      <Filter>04UI\Interaction</Filter>
    </ClInclude>
    <ClInclude Include="UI\InteractionUI.h">
      <Filter>04UI\Interaction</Filter>
    </ClInclude>
    <ClInclude Include="BehaviorTree\IsEnemyPermission.h">
      <Filter>05BehaviorTree\03ConditionNode</Filter>
    </ClInclude>
    <ClInclude Include="Engine\TransitionEffect.h">
      <Filter>01Engine\ResourceManager</Filter>
    </ClInclude>
    <ClInclude Include="Enemy\MeleeFighter.h">
      <Filter>08Enemy\Enemies</Filter>
    </ClInclude>
    <ClInclude Include="State\MeleeFighterState.h">
      <Filter>06State\Enemy</Filter>
    </ClInclude>
    <ClInclude Include="GameManager\CombatAI.h">
      <Filter>13GameManager</Filter>
    </ClInclude>
    <ClInclude Include="GameManager\DifficultyManager.h">
      <Filter>13GameManager</Filter>
    </ClInclude>
    <ClInclude Include="GameManager\GameManager.h">
      <Filter>13GameManager</Filter>
    </ClInclude>
    <ClInclude Include="Character\Character.h">
      <Filter>14Character</Filter>
    </ClInclude>
    <ClInclude Include="Character\CharacterManager.h">
      <Filter>14Character</Filter>
    </ClInclude>
    <ClInclude Include="Stage\NavigationAI.h">
      <Filter>12Stage</Filter>
    </ClInclude>
    <ClInclude Include="Weapon\NormalBullet.h">
      <Filter>09Weapon\Bullet</Filter>
    </ClInclude>
    <ClInclude Include="Weapon\MainSwordWeapon.h">
      <Filter>09Weapon\Weapons</Filter>
    </ClInclude>
    <ClInclude Include="Engine\Easing.h">
      <Filter>01Engine\ResourceManager</Filter>
    </ClInclude>
    <ClInclude Include="Scene\StageBase.h">
      <Filter>03Scene\Base</Filter>
    </ClInclude>
    <ClInclude Include="BehaviorTree\CameraConditionNode.h">
      <Filter>05BehaviorTree\03ConditionNode</Filter>
    </ClInclude>
    <ClInclude Include="InputManager.h" />
    <ClInclude Include="Weapon\NormalGunWeapon.h">
      <Filter>09Weapon\Weapons</Filter>
    </ClInclude>
    <ClInclude Include="UI\PauseUIManager.h">
      <Filter>04UI\Manager</Filter>
    </ClInclude>
    <ClInclude Include="UI\Cursor.h">
      <Filter>04UI\Base</Filter>
    </ClInclude>
    <ClInclude Include="Item\RecoveryItem.h">
      <Filter>15Item</Filter>
    </ClInclude>
  </ItemGroup>
  <ItemGroup>
    <FxCompile Include="Assets\Shader\Simple2D.hlsl">
      <Filter>02Shader</Filter>
    </FxCompile>
    <FxCompile Include="Assets\Shader\Simple3D.hlsl">
      <Filter>02Shader</Filter>
    </FxCompile>
    <FxCompile Include="Assets\Shader\Debug3D.hlsl">
      <Filter>02Shader</Filter>
    </FxCompile>
    <FxCompile Include="Assets\Shader\BillBoard.hlsl">
      <Filter>02Shader</Filter>
    </FxCompile>
    <FxCompile Include="Assets\Shader\SkyBox.hlsl">
      <Filter>02Shader</Filter>
    </FxCompile>
  </ItemGroup>
</Project>